
Microsoft Visual Studio Solution File, Format Version 12.00
# Visual Studio Version 17
VisualStudioVersion = 17.5.002.0
MinimumVisualStudioVersion = 10.0.40219.1
Project("{2150E333-8FDC-42A3-9474-1A3956D46DE8}") = "gamesdashboard", "gamesdashboard", "{BFAB97F2-8820-4BDF-BF7F-D31955BCA19D}"
EndProject
Project("{9A19103F-16F7-4668-BE54-9A1E7A4F7556}") = "Backend", "gamesdashboard\Backend\Backend.csproj", "{99EA9239-F404-4613-8B2A-28E9918E9B6C}"
EndProject
Global
	GlobalSection(SolutionConfigurationPlatforms) = preSolution
		Debug|Any CPU = Debug|Any CPU
		Release|Any CPU = Release|Any CPU
	EndGlobalSection
	GlobalSection(ProjectConfigurationPlatforms) = postSolution
		{99EA9239-F404-4613-8B2A-28E9918E9B6C}.Debug|Any CPU.ActiveCfg = Debug|Any CPU
		{99EA9239-F404-4613-8B2A-28E9918E9B6C}.Debug|Any CPU.Build.0 = Debug|Any CPU
		{99EA9239-F404-4613-8B2A-28E9918E9B6C}.Release|Any CPU.ActiveCfg = Release|Any CPU
		{99EA9239-F404-4613-8B2A-28E9918E9B6C}.Release|Any CPU.Build.0 = Release|Any CPU
	EndGlobalSection
	GlobalSection(SolutionProperties) = preSolution
		HideSolutionNode = FALSE
	EndGlobalSection
	GlobalSection(NestedProjects) = preSolution
		{99EA9239-F404-4613-8B2A-28E9918E9B6C} = {BFAB97F2-8820-4BDF-BF7F-D31955BCA19D}
	EndGlobalSection
	GlobalSection(ExtensibilityGlobals) = postSolution
		SolutionGuid = {FD6E1006-F441-4175-8012-5B243620591D}
	EndGlobalSection
EndGlobal
